
Microsoft Visual Studio Solution File, Format Version 12.00
# Visual Studio Version 16
VisualStudioVersion = 16.0.30114.105
MinimumVisualStudioVersion = 10.0.40219.1
Project("{FAE04EC0-301F-11D3-BF4B-00C04F79EFBC}") = "WebSUT", "WebSUT\WebSUT.csproj", "{D2148C9C-AD8E-4BED-A0BD-E6157587C50F}"
	ProjectSection(ProjectDependencies) = postProject
		{46DAECAD-AAC0-4CB1-974A-6E6EC98FDA4F} = {46DAECAD-AAC0-4CB1-974A-6E6EC98FDA4F}
	EndProjectSection
EndProject
Project("{FAE04EC0-301F-11D3-BF4B-00C04F79EFBC}") = "WebTest", "WebTest\WebTest.csproj", "{46DAECAD-AAC0-4CB1-974A-6E6EC98FDA4F}"
EndProject
Project("{E53339B2-1760-4266-BCC7-CA923CBCF16C}") = "docker-compose", "docker-compose.dcproj", "{7383FE05-FE26-4E82-BB8E-8EB3B18EA18C}"
EndProject
Global
	GlobalSection(SolutionConfigurationPlatforms) = preSolution
		Debug|Any CPU = Debug|Any CPU
		Release|Any CPU = Release|Any CPU
	EndGlobalSection
	GlobalSection(ProjectConfigurationPlatforms) = postSolution
		{D2148C9C-AD8E-4BED-A0BD-E6157587C50F}.Debug|Any CPU.ActiveCfg = Debug|Any CPU
		{D2148C9C-AD8E-4BED-A0BD-E6157587C50F}.Debug|Any CPU.Build.0 = Debug|Any CPU
		{D2148C9C-AD8E-4BED-A0BD-E6157587C50F}.Release|Any CPU.ActiveCfg = Release|Any CPU
		{D2148C9C-AD8E-4BED-A0BD-E6157587C50F}.Release|Any CPU.Build.0 = Release|Any CPU
		{46DAECAD-AAC0-4CB1-974A-6E6EC98FDA4F}.Debug|Any CPU.ActiveCfg = Debug|Any CPU
		{46DAECAD-AAC0-4CB1-974A-6E6EC98FDA4F}.Debug|Any CPU.Build.0 = Debug|Any CPU
		{46DAECAD-AAC0-4CB1-974A-6E6EC98FDA4F}.Release|Any CPU.ActiveCfg = Release|Any CPU
		{46DAECAD-AAC0-4CB1-974A-6E6EC98FDA4F}.Release|Any CPU.Build.0 = Release|Any CPU
		{7383FE05-FE26-4E82-BB8E-8EB3B18EA18C}.Debug|Any CPU.ActiveCfg = Debug|Any CPU
		{7383FE05-FE26-4E82-BB8E-8EB3B18EA18C}.Debug|Any CPU.Build.0 = Debug|Any CPU
		{7383FE05-FE26-4E82-BB8E-8EB3B18EA18C}.Release|Any CPU.ActiveCfg = Release|Any CPU
		{7383FE05-FE26-4E82-BB8E-8EB3B18EA18C}.Release|Any CPU.Build.0 = Release|Any CPU
	EndGlobalSection
	GlobalSection(SolutionProperties) = preSolution
		HideSolutionNode = FALSE
	EndGlobalSection
	GlobalSection(ExtensibilityGlobals) = postSolution
		SolutionGuid = {992C0CE8-B277-4CBE-9B3D-0268DC72A5FA}
	EndGlobalSection
EndGlobal
